// !$*UTF8*$!
{
	archiveVersion = 1;
	classes = {
	};
	objectVersion = 46;
	objects = {

/* Begin PBXBuildFile section */
		F4FC340C1E5BBA87009C1292 /* AppDelegate.swift in Sources */ = {isa = PBXBuildFile; fileRef = F4FC340B1E5BBA87009C1292 /* AppDelegate.swift */; };
		F4FC340E1E5BBA87009C1292 /* ViewController.swift in Sources */ = {isa = PBXBuildFile; fileRef = F4FC340D1E5BBA87009C1292 /* ViewController.swift */; };
		F4FC34111E5BBA87009C1292 /* Main.storyboard in Resources */ = {isa = PBXBuildFile; fileRef = F4FC340F1E5BBA87009C1292 /* Main.storyboard */; };
		F4FC34131E5BBA87009C1292 /* Assets.xcassets in Resources */ = {isa = PBXBuildFile; fileRef = F4FC34121E5BBA87009C1292 /* Assets.xcassets */; };
		F4FC34161E5BBA87009C1292 /* LaunchScreen.storyboard in Resources */ = {isa = PBXBuildFile; fileRef = F4FC34141E5BBA87009C1292 /* LaunchScreen.storyboard */; };
/* End PBXBuildFile section */

/* Begin PBXFileReference section */
		F4FC34081E5BBA87009C1292 /* Magic 8-Ball.app */ = {isa = PBXFileReference; explicitFileType = wrapper.application; includeInIndex = 0; path = "Magic 8-Ball.app"; sourceTree = BUILT_PRODUCTS_DIR; };
		F4FC340B1E5BBA87009C1292 /* AppDelegate.swift */ = {isa = PBXFileReference; lastKnownFileType = sourcecode.swift; path = AppDelegate.swift; sourceTree = "<group>"; };
		F4FC340D1E5BBA87009C1292 /* ViewController.swift */ = {isa = PBXFileReference; lastKnownFileType = sourcecode.swift; path = ViewController.swift; sourceTree = "<group>"; };
		F4FC34101E5BBA87009C1292 /* Base */ = {isa = PBXFileReference; lastKnownFileType = file.storyboard; name = Base; path = Base.lproj/Main.storyboard; sourceTree = "<group>"; };
		F4FC34121E5BBA87009C1292 /* Assets.xcassets */ = {isa = PBXFileReference; lastKnownFileType = folder.assetcatalog; path = Assets.xcassets; sourceTree = "<group>"; };
		F4FC34151E5BBA87009C1292 /* Base */ = {isa = PBXFileReference; lastKnownFileType = file.storyboard; name = Base; path = Base.lproj/LaunchScreen.storyboard; sourceTree = "<group>"; };
		F4FC34171E5BBA87009C1292 /* Info.plist */ = {isa = PBXFileReference; lastKnownFileType = text.plist.xml; path = Info.plist; sourceTree = "<group>"; };
/* End PBXFileReference section */

/* Begin PBXFrameworksBuildPhase section */
		F4FC34051E5BBA87009C1292 /* Frameworks */ = {
			isa = PBXFrameworksBuildPhase;
			buildActionMask = 2147483647;
			files = (
			);
			runOnlyForDeploymentPostprocessing = 0;
		};
/* End PBXFrameworksBuildPhase section */

/* Begin PBXGroup section */
		F4FC33FF1E5BBA86009C1292 = {
			isa = PBXGroup;
			children = (
				F4FC340A1E5BBA87009C1292 /* Magic 8-Ball */,
				F4FC34091E5BBA87009C1292 /* Products */,
			);
			sourceTree = "<group>";
		};
		F4FC34091E5BBA87009C1292 /* Products */ = {
			isa = PBXGroup;
			children = (
				F4FC34081E5BBA87009C1292 /* Magic 8-Ball.app */,
			);
			name = Products;
			sourceTree = "<group>";
		};
		F4FC340A1E5BBA87009C1292 /* Magic 8-Ball */ = {
			isa = PBXGroup;
			children = (
				F4FC340B1E5BBA87009C1292 /* AppDelegate.swift */,
				F4FC340D1E5BBA87009C1292 /* ViewController.swift */,
				F4FC340F1E5BBA87009C1292 /* Main.storyboard */,
				F4FC34121E5BBA87009C1292 /* Assets.xcassets */,
				F4FC34141E5BBA87009C1292 /* LaunchScreen.storyboard */,
				F4FC34171E5BBA87009C1292 /* Info.plist */,
			);
			path = "Magic 8-Ball";
			sourceTree = "<group>";
		};
/* End PBXGroup section */

/* Begin PBXNativeTarget section */
		F4FC34071E5BBA87009C1292 /* Magic 8-Ball */ = {
			isa = PBXNativeTarget;
			buildConfigurationList = F4FC341A1E5BBA87009C1292 /* Build configuration list for PBXNativeTarget "Magic 8-Ball" */;
			buildPhases = (
				F4FC34041E5BBA87009C1292 /* Sources */,
				F4FC34051E5BBA87009C1292 /* Frameworks */,
				F4FC34061E5BBA87009C1292 /* Resources */,
			);
			buildRules = (
			);
			dependencies = (
			);
			name = "Magic 8-Ball";
			productName = "Magic 8-Ball";
			productReference = F4FC34081E5BBA87009C1292 /* Magic 8-Ball.app */;
			productType = "com.apple.product-type.application";
		};
/* End PBXNativeTarget section */

/* Begin PBXProject section */
		F4FC34001E5BBA86009C1292 /* Project object */ = {
			isa = PBXProject;
			attributes = {
				LastSwiftUpdateCheck = 0820;
				LastUpgradeCheck = 0820;
				ORGANIZATIONNAME = "Braden Casperson";
				TargetAttributes = {
					F4FC34071E5BBA87009C1292 = {
						CreatedOnToolsVersion = 8.2.1;
						ProvisioningStyle = Automatic;
					};
				};
			};
			buildConfigurationList = F4FC34031E5BBA86009C1292 /* Build configuration list for PBXProject "Magic 8-Ball" */;
			compatibilityVersion = "Xcode 3.2";
			developmentRegion = English;
			hasScannedForEncodings = 0;
			knownRegions = (
				en,
				Base,
			);
			mainGroup = F4FC33FF1E5BBA86009C1292;
			productRefGroup = F4FC34091E5BBA87009C1292 /* Products */;
			projectDirPath = "";
			projectRoot = "";
			targets = (
				F4FC34071E5BBA87009C1292 /* Magic 8-Ball */,
			);
		};
/* End PBXProject section */

/* Begin PBXResourcesBuildPhase section */
		F4FC34061E5BBA87009C1292 /* Resources */ = {
			isa = PBXResourcesBuildPhase;
			buildActionMask = 2147483647;
			files = (
				F4FC34161E5BBA87009C1292 /* LaunchScreen.storyboard in Resources */,
				F4FC34131E5BBA87009C1292 /* Assets.xcassets in Resources */,
				F4FC34111E5BBA87009C1292 /* Main.storyboard in Resources */,
			);
			runOnlyForDeploymentPostprocessing = 0;
		};
/* End PBXResourcesBuildPhase section */

/* Begin PBXSourcesBuildPhase section */
		F4FC34041E5BBA87009C1292 /* Sources */ = {
			isa = PBXSourcesBuildPhase;
			buildActionMask = 2147483647;
			files = (
				F4FC340E1E5BBA87009C1292 /* ViewController.swift in Sources */,
				F4FC340C1E5BBA87009C1292 /* AppDelegate.swift in Sources */,
			);
			runOnlyForDeploymentPostprocessing = 0;
		};
/* End PBXSourcesBuildPhase section */

/* Begin PBXVariantGroup section */
		F4FC340F1E5BBA87009C1292 /* Main.storyboard */ = {
			isa = PBXVariantGroup;
			children = (
				F4FC34101E5BBA87009C1292 /* Base */,
			);
			name = Main.storyboard;
			sourceTree = "<group>";
		};
		F4FC34141E5BBA87009C1292 /* LaunchScreen.storyboard */ = {
			isa = PBXVariantGroup;
			children = (
				F4FC34151E5BBA87009C1292 /* Base */,
			);
			name = LaunchScreen.storyboard;
			sourceTree = "<group>";
		};
/* End PBXVariantGroup section */

/* Begin XCBuildConfiguration section */
		F4FC34181E5BBA87009C1292 /* Debug */ = {
			isa = XCBuildConfiguration;
			buildSettings = {
				ALWAYS_SEARCH_USER_PATHS = NO;
				CLANG_ANALYZER_NONNULL = YES;
				CLANG_CXX_LANGUAGE_STANDARD = "gnu++0x";
				CLANG_CXX_LIBRARY = "libc++";
				CLANG_ENABLE_MODULES = YES;
				CLANG_ENABLE_OBJC_ARC = YES;
				CLANG_WARN_BOOL_CONVERSION = YES;
				CLANG_WARN_CONSTANT_CONVERSION = YES;
				CLANG_WARN_DIRECT_OBJC_ISA_USAGE = YES_ERROR;
				CLANG_WARN_DOCUMENTATION_COMMENTS = YES;
				CLANG_WARN_EMPTY_BODY = YES;
				CLANG_WARN_ENUM_CONVERSION = YES;
				CLANG_WARN_INFINITE_RECURSION = YES;
				CLANG_WARN_INT_CONVERSION = YES;
				CLANG_WARN_OBJC_ROOT_CLASS = YES_ERROR;
				CLANG_WARN_SUSPICIOUS_MOVE = YES;
				CLANG_WARN_UNREACHABLE_CODE = YES;
				CLANG_WARN__DUPLICATE_METHOD_MATCH = YES;
				"CODE_SIGN_IDENTITY[sdk=iphoneos*]" = "iPhone Developer";
				COPY_PHASE_STRIP = NO;
				DEBUG_INFORMATION_FORMAT = dwarf;
				ENABLE_STRICT_OBJC_MSGSEND = YES;
				ENABLE_TESTABILITY = YES;
				GCC_C_LANGUAGE_STANDARD = gnu99;
				GCC_DYNAMIC_NO_PIC = NO;
				GCC_NO_COMMON_BLOCKS = YES;
				GCC_OPTIMIZATION_LEVEL = 0;
				GCC_PREPROCESSOR_DEFINITIONS = (
					"DEBUG=1",
					"$(inherited)",
				);
				GCC_WARN_64_TO_32_BIT_CONVERSION = YES;
				GCC_WARN_ABOUT_RETURN_TYPE = YES_ERROR;
				GCC_WARN_UNDECLARED_SELECTOR = YES;
				GCC_WARN_UNINITIALIZED_AUTOS = YES_AGGRESSIVE;
				GCC_WARN_UNUSED_FUNCTION = YES;
				GCC_WARN_UNUSED_VARIABLE = YES;
				IPHONEOS_DEPLOYMENT_TARGET = 10.2;
				MTL_ENABLE_DEBUG_INFO = YES;
				ONLY_ACTIVE_ARCH = YES;
				SDKROOT = iphoneos;
				SWIFT_ACTIVE_COMPILATION_CONDITIONS = DEBUG;
				SWIFT_OPTIMIZATION_LEVEL = "-Onone";
				TARGETED_DEVICE_FAMILY = "1,2";
			};
			name = Debug;
		};
		F4FC34191E5BBA87009C1292 /* Release */ = {
			isa = XCBuildConfiguration;
			buildSettings = {
				ALWAYS_SEARCH_USER_PATHS = NO;
				CLANG_ANALYZER_NONNULL = YES;
				CLANG_CXX_LANGUAGE_STANDARD = "gnu++0x";
				CLANG_CXX_LIBRARY = "libc++";
				CLANG_ENABLE_MODULES = YES;
				CLANG_ENABLE_OBJC_ARC = YES;
				CLANG_WARN_BOOL_CONVERSION = YES;
				CLANG_WARN_CONSTANT_CONVERSION = YES;
				CLANG_WARN_DIRECT_OBJC_ISA_USAGE = YES_ERROR;
				CLANG_WARN_DOCUMENTATION_COMMENTS = YES;
				CLANG_WARN_EMPTY_BODY = YES;
				CLANG_WARN_ENUM_CONVERSION = YES;
				CLANG_WARN_INFINITE_RECURSION = YES;
				CLANG_WARN_INT_CONVERSION = YES;
				CLANG_WARN_OBJC_ROOT_CLASS = YES_ERROR;
				CLANG_WARN_SUSPICIOUS_MOVE = YES;
				CLANG_WARN_UNREACHABLE_CODE = YES;
				CLANG_WARN__DUPLICATE_METHOD_MATCH = YES;
				"CODE_SIGN_IDENTITY[sdk=iphoneos*]" = "iPhone Developer";
				COPY_PHASE_STRIP = NO;
				DEBUG_INFORMATION_FORMAT = "dwarf-with-dsym";
				ENABLE_NS_ASSERTIONS = NO;
				ENABLE_STRICT_OBJC_MSGSEND = YES;
				GCC_C_LANGUAGE_STANDARD = gnu99;
				GCC_NO_COMMON_BLOCKS = YES;
				GCC_WARN_64_TO_32_BIT_CONVERSION = YES;
				GCC_WARN_ABOUT_RETURN_TYPE = YES_ERROR;
				GCC_WARN_UNDECLARED_SELECTOR = YES;
				GCC_WARN_UNINITIALIZED_AUTOS = YES_AGGRESSIVE;
				GCC_WARN_UNUSED_FUNCTION = YES;
				GCC_WARN_UNUSED_VARIABLE = YES;
				IPHONEOS_DEPLOYMENT_TARGET = 10.2;
				MTL_ENABLE_DEBUG_INFO = NO;
				SDKROOT = iphoneos;
				SWIFT_OPTIMIZATION_LEVEL = "-Owholemodule";
				TARGETED_DEVICE_FAMILY = "1,2";
				VALIDATE_PRODUCT = YES;
			};
			name = Release;
		};
		F4FC341B1E5BBA87009C1292 /* Debug */ = {
			isa = XCBuildConfiguration;
			buildSettings = {
				ASSETCATALOG_COMPILER_APPICON_NAME = AppIcon;
				INFOPLIST_FILE = "Magic 8-Ball/Info.plist";
				LD_RUNPATH_SEARCH_PATHS = "$(inherited) @executable_path/Frameworks";
				PRODUCT_BUNDLE_IDENTIFIER = "com.BC.Magic-8-Ball";
				PRODUCT_NAME = "$(TARGET_NAME)";
				SWIFT_VERSION = 3.0;
			};
			name = Debug;
		};
		F4FC341C1E5BBA87009C1292 /* Release */ = {
			isa = XCBuildConfiguration;
			buildSettings = {
				ASSETCATALOG_COMPILER_APPICON_NAME = AppIcon;
				INFOPLIST_FILE = "Magic 8-Ball/Info.plist";
				LD_RUNPATH_SEARCH_PATHS = "$(inherited) @executable_path/Frameworks";
				PRODUCT_BUNDLE_IDENTIFIER = "com.BC.Magic-8-Ball";
				PRODUCT_NAME = "$(TARGET_NAME)";
				SWIFT_VERSION = 3.0;
			};
			name = Release;
		};
/* End XCBuildConfiguration section */

/* Begin XCConfigurationList section */
		F4FC34031E5BBA86009C1292 /* Build configuration list for PBXProject "Magic 8-Ball" */ = {
			isa = XCConfigurationList;
			buildConfigurations = (
				F4FC34181E5BBA87009C1292 /* Debug */,
				F4FC34191E5BBA87009C1292 /* Release */,
			);
			defaultConfigurationIsVisible = 0;
			defaultConfigurationName = Release;
		};
		F4FC341A1E5BBA87009C1292 /* Build configuration list for PBXNativeTarget "Magic 8-Ball" */ = {
			isa = XCConfigurationList;
			buildConfigurations = (
				F4FC341B1E5BBA87009C1292 /* Debug */,
				F4FC341C1E5BBA87009C1292 /* Release */,
			);
			defaultConfigurationIsVisible = 0;
		};
/* End XCConfigurationList section */
	};
	rootObject = F4FC34001E5BBA86009C1292 /* Project object */;
}
